{
  "nodes": {
    "comma": {
      "inputs": {
        "flake-compat": "flake-compat",
        "naersk": "naersk",
        "nixpkgs": [
          "nixpkgs"
        ],
        "utils": "utils"
      },
      "locked": {
        "lastModified": 1690833717,
        "narHash": "sha256-67x6G8cl0lGhI4+EUSRNG/N1VAvqDDWdp4pUVfWwPLc=",
        "owner": "nix-community",
        "repo": "comma",
        "rev": "da2e97c626109f37c6931222c0f7dd5444f4dc06",
        "type": "github"
      },
      "original": {
        "owner": "nix-community",
        "repo": "comma",
        "type": "github"
      }
    },
    "darwin": {
      "inputs": {
        "nixpkgs": [
          "nixpkgs"
        ]
      },
      "locked": {
        "lastModified": 1692248770,
        "narHash": "sha256-tZeFpETKQGbgnaSIO1AGWD27IyTcBm4D+A9d7ulQ4NM=",
        "owner": "lnl7",
        "repo": "nix-darwin",
        "rev": "511177ffe8226c78c9cf6a92a7b5f2df3684956b",
        "type": "github"
      },
      "original": {
        "owner": "lnl7",
        "repo": "nix-darwin",
        "type": "github"
      }
    },
    "deploy-rs": {
      "inputs": {
        "flake-compat": "flake-compat_2",
        "nixpkgs": [
          "nixpkgs"
        ],
        "utils": "utils_2"
      },
      "locked": {
        "lastModified": 1686747123,
        "narHash": "sha256-XUQK9kwHpTeilHoad7L4LjMCCyY13Oq383CoFADecRE=",
        "owner": "serokell",
        "repo": "deploy-rs",
        "rev": "724463b5a94daa810abfc64a4f87faef4e00f984",
        "type": "github"
      },
      "original": {
        "owner": "serokell",
        "repo": "deploy-rs",
        "type": "github"
      }
    },
    "flake-compat": {
      "flake": false,
      "locked": {
        "lastModified": 1673956053,
        "narHash": "sha256-4gtG9iQuiKITOjNQQeQIpoIB6b16fm+504Ch3sNKLd8=",
        "owner": "edolstra",
        "repo": "flake-compat",
        "rev": "35bb57c0c8d8b62bbfd284272c928ceb64ddbde9",
        "type": "github"
      },
      "original": {
        "owner": "edolstra",
        "repo": "flake-compat",
        "type": "github"
      }
    },
    "flake-compat_2": {
      "flake": false,
      "locked": {
        "lastModified": 1668681692,
        "narHash": "sha256-Ht91NGdewz8IQLtWZ9LCeNXMSXHUss+9COoqu6JLmXU=",
        "owner": "edolstra",
        "repo": "flake-compat",
        "rev": "009399224d5e398d03b22badca40a37ac85412a1",
        "type": "github"
      },
      "original": {
        "owner": "edolstra",
        "repo": "flake-compat",
        "type": "github"
      }
    },
    "flake-utils": {
      "inputs": {
        "systems": "systems_2"
      },
      "locked": {
        "lastModified": 1692799911,
        "narHash": "sha256-3eihraek4qL744EvQXsK1Ha6C3CR7nnT8X2qWap4RNk=",
        "owner": "numtide",
        "repo": "flake-utils",
        "rev": "f9e7cf818399d17d347f847525c5a5a8032e4e44",
        "type": "github"
      },
      "original": {
        "id": "flake-utils",
        "type": "indirect"
      }
    },
    "naersk": {
      "inputs": {
        "nixpkgs": [
          "comma",
          "nixpkgs"
        ]
      },
      "locked": {
        "lastModified": 1688534083,
        "narHash": "sha256-/bI5vsioXscQTsx+Hk9X5HfweeNZz/6kVKsbdqfwW7g=",
        "owner": "nix-community",
        "repo": "naersk",
        "rev": "abca1fb7a6cfdd355231fc220c3d0302dbb4369a",
        "type": "github"
      },
      "original": {
        "owner": "nix-community",
        "ref": "master",
        "repo": "naersk",
        "type": "github"
      }
    },
    "nix-ld": {
      "inputs": {
        "nixpkgs": [
          "nixpkgs"
        ]
      },
      "locked": {
        "lastModified": 1686849676,
        "narHash": "sha256-+z9t7BLugZO1WhyYEq6FI38TMh2EwfgfAv3RDFSjwtc=",
        "owner": "Mic92",
        "repo": "nix-ld",
        "rev": "3abd605e56b5b34ec630bb10ba85f98c93cc05b2",
        "type": "github"
      },
      "original": {
        "owner": "Mic92",
        "repo": "nix-ld",
        "type": "github"
      }
    },
    "nixlib": {
      "locked": {
        "lastModified": 1689469483,
        "narHash": "sha256-2SBhY7rZQ/iNCxe04Eqxlz9YK9KgbaTMBssq3/BgdWY=",
        "owner": "nix-community",
        "repo": "nixpkgs.lib",
        "rev": "02fea408f27186f139153e1ae88f8ab2abd9c22c",
        "type": "github"
      },
      "original": {
        "owner": "nix-community",
        "repo": "nixpkgs.lib",
        "type": "github"
      }
    },
    "nixos-generators": {
      "inputs": {
        "nixlib": "nixlib",
        "nixpkgs": [
          "nixpkgs"
        ]
      },
      "locked": {
        "lastModified": 1690133435,
        "narHash": "sha256-YNZiefETggroaTLsLJG2M+wpF0pJPwiauKG4q48ddNU=",
        "owner": "nix-community",
        "repo": "nixos-generators",
        "rev": "b1171de4d362c022130c92d7c8adc4bf2b83d586",
        "type": "github"
      },
      "original": {
        "owner": "nix-community",
        "repo": "nixos-generators",
        "type": "github"
      }
    },
    "nixos-hardware": {
      "locked": {
        "lastModified": 1692952286,
        "narHash": "sha256-TsrtPv3+Q1KR0avZxpiJH+b6fX/R/hEQVHbjl1ebotY=",
        "owner": "nixos",
        "repo": "nixos-hardware",
        "rev": "817e297fc3352fadc15f2c5306909aa9192d7d97",
        "type": "github"
      },
      "original": {
        "owner": "nixos",
        "repo": "nixos-hardware",
        "type": "github"
      }
    },
    "nixpkgs": {
      "locked": {
        "lastModified": 1693183237,
        "narHash": "sha256-c7OtyBkZ/vZE/WosBpRGRtkbWZjDHGJP7fg1FyB9Dsc=",
        "owner": "nixos",
        "repo": "nixpkgs",
        "rev": "ea5234e7073d5f44728c499192544a84244bf35a",
        "type": "github"
      },
      "original": {
        "owner": "nixos",
        "ref": "nixos-23.05",
        "repo": "nixpkgs",
        "type": "github"
      }
    },
    "root": {
      "inputs": {
        "comma": "comma",
        "darwin": "darwin",
        "deploy-rs": "deploy-rs",
        "flake-utils": "flake-utils",
        "nix-ld": "nix-ld",
        "nixos-generators": "nixos-generators",
        "nixos-hardware": "nixos-hardware",
        "nixpkgs": "nixpkgs",
        "unstable": "unstable"
      }
    },
    "systems": {
      "locked": {
        "lastModified": 1681028828,
        "narHash": "sha256-Vy1rq5AaRuLzOxct8nz4T6wlgyUR7zLU309k9mBC768=",
        "owner": "nix-systems",
        "repo": "default",
        "rev": "da67096a3b9bf56a91d16901293e51ba5b49a27e",
        "type": "github"
      },
      "original": {
        "owner": "nix-systems",
        "repo": "default",
        "type": "github"
      }
    },
    "systems_2": {
      "locked": {
        "lastModified": 1681028828,
        "narHash": "sha256-Vy1rq5AaRuLzOxct8nz4T6wlgyUR7zLU309k9mBC768=",
        "owner": "nix-systems",
        "repo": "default",
        "rev": "da67096a3b9bf56a91d16901293e51ba5b49a27e",
        "type": "github"
      },
      "original": {
        "owner": "nix-systems",
        "repo": "default",
        "type": "github"
      }
    },
    "unstable": {
      "locked": {
        "lastModified": 1693158576,
        "narHash": "sha256-aRTTXkYvhXosGx535iAFUaoFboUrZSYb1Ooih/auGp0=",
        "owner": "nixos",
        "repo": "nixpkgs",
        "rev": "a999c1cc0c9eb2095729d5aa03e0d8f7ed256780",
        "type": "github"
      },
      "original": {
        "owner": "nixos",
        "ref": "nixos-unstable",
        "repo": "nixpkgs",
        "type": "github"
      }
    },
    "utils": {
      "inputs": {
        "systems": "systems"
      },
      "locked": {
        "lastModified": 1689068808,
        "narHash": "sha256-6ixXo3wt24N/melDWjq70UuHQLxGV8jZvooRanIHXw0=",
        "owner": "numtide",
        "repo": "flake-utils",
        "rev": "919d646de7be200f3bf08cb76ae1f09402b6f9b4",
        "type": "github"
      },
      "original": {
        "owner": "numtide",
        "repo": "flake-utils",
        "type": "github"
      }
    },
    "utils_2": {
      "locked": {
        "lastModified": 1667395993,
        "narHash": "sha256-nuEHfE/LcWyuSWnS8t12N1wc105Qtau+/OdUAjtQ0rA=",
        "owner": "numtide",
        "repo": "flake-utils",
        "rev": "5aed5285a952e0b949eb3ba02c12fa4fcfef535f",
        "type": "github"
      },
      "original": {
        "owner": "numtide",
        "repo": "flake-utils",
        "type": "github"
      }
    }
  },
  "root": "root",
  "version": 7
}
